
Microsoft Visual Studio Solution File, Format Version 12.00
# Visual Studio Version 16
VisualStudioVersion = 16.0.31402.337
MinimumVisualStudioVersion = 10.0.40219.1
Project("{2150E333-8FDC-42A3-9474-1A3956D46DE8}") = "Security", "Security", "{0E7F8266-27DE-4EBC-BB46-82BF3C77EBE4}"
EndProject
Project("{FAE04EC0-301F-11D3-BF4B-00C04F79EFBC}") = "BUMA Security Services", "BUMA Security Services\BUMA Security Services.csproj", "{40516A41-70AF-4A3F-8044-4F05AF1AE7E5}"
EndProject
Project("{2150E333-8FDC-42A3-9474-1A3956D46DE8}") = "Administration", "Administration", "{6F9C6B44-4765-43EE-8854-56A12ECCEC79}"
EndProject
Project("{FAE04EC0-301F-11D3-BF4B-00C04F79EFBC}") = "BUMA Administration Services", "BUMA Administration Services\BUMA Administration Services.csproj", "{D4806C7F-DF98-4CCE-B73B-E4F0E0633BD3}"
EndProject
Project("{2150E333-8FDC-42A3-9474-1A3956D46DE8}") = "Bussiness", "Bussiness", "{A0F32AB3-9080-49C3-A168-3E4842E8C954}"
EndProject
Project("{FAE04EC0-301F-11D3-BF4B-00C04F79EFBC}") = "BUMA Bussiness Services", "BUMA Bussiness Services\BUMA Bussiness Services.csproj", "{520142B9-5496-41C5-B585-817957CD0DC3}"
EndProject
Global
	GlobalSection(SolutionConfigurationPlatforms) = preSolution
		Debug|Any CPU = Debug|Any CPU
		Release|Any CPU = Release|Any CPU
	EndGlobalSection
	GlobalSection(ProjectConfigurationPlatforms) = postSolution
		{40516A41-70AF-4A3F-8044-4F05AF1AE7E5}.Debug|Any CPU.ActiveCfg = Debug|Any CPU
		{40516A41-70AF-4A3F-8044-4F05AF1AE7E5}.Debug|Any CPU.Build.0 = Debug|Any CPU
		{40516A41-70AF-4A3F-8044-4F05AF1AE7E5}.Release|Any CPU.ActiveCfg = Release|Any CPU
		{40516A41-70AF-4A3F-8044-4F05AF1AE7E5}.Release|Any CPU.Build.0 = Release|Any CPU
		{D4806C7F-DF98-4CCE-B73B-E4F0E0633BD3}.Debug|Any CPU.ActiveCfg = Debug|Any CPU
		{D4806C7F-DF98-4CCE-B73B-E4F0E0633BD3}.Debug|Any CPU.Build.0 = Debug|Any CPU
		{D4806C7F-DF98-4CCE-B73B-E4F0E0633BD3}.Release|Any CPU.ActiveCfg = Release|Any CPU
		{D4806C7F-DF98-4CCE-B73B-E4F0E0633BD3}.Release|Any CPU.Build.0 = Release|Any CPU
		{520142B9-5496-41C5-B585-817957CD0DC3}.Debug|Any CPU.ActiveCfg = Debug|Any CPU
		{520142B9-5496-41C5-B585-817957CD0DC3}.Debug|Any CPU.Build.0 = Debug|Any CPU
		{520142B9-5496-41C5-B585-817957CD0DC3}.Release|Any CPU.ActiveCfg = Release|Any CPU
		{520142B9-5496-41C5-B585-817957CD0DC3}.Release|Any CPU.Build.0 = Release|Any CPU
	EndGlobalSection
	GlobalSection(SolutionProperties) = preSolution
		HideSolutionNode = FALSE
	EndGlobalSection
	GlobalSection(NestedProjects) = preSolution
		{40516A41-70AF-4A3F-8044-4F05AF1AE7E5} = {0E7F8266-27DE-4EBC-BB46-82BF3C77EBE4}
		{D4806C7F-DF98-4CCE-B73B-E4F0E0633BD3} = {6F9C6B44-4765-43EE-8854-56A12ECCEC79}
		{520142B9-5496-41C5-B585-817957CD0DC3} = {A0F32AB3-9080-49C3-A168-3E4842E8C954}
	EndGlobalSection
	GlobalSection(ExtensibilityGlobals) = postSolution
		SolutionGuid = {85734D0B-96DD-4FB9-9C4D-80108E22CAFD}
	EndGlobalSection
EndGlobal
