
Microsoft Visual Studio Solution File, Format Version 12.00
# Visual Studio Version 17
VisualStudioVersion = 17.0.31919.166
MinimumVisualStudioVersion = 10.0.40219.1
Project("{2150E333-8FDC-42A3-9474-1A3956D46DE8}") = "Security", "Security", "{0E7F8266-27DE-4EBC-BB46-82BF3C77EBE4}"
EndProject
Project("{2150E333-8FDC-42A3-9474-1A3956D46DE8}") = "Administration", "Administration", "{6F9C6B44-4765-43EE-8854-56A12ECCEC79}"
EndProject
Project("{2150E333-8FDC-42A3-9474-1A3956D46DE8}") = "Bussiness", "Bussiness", "{A0F32AB3-9080-49C3-A168-3E4842E8C954}"
EndProject
Project("{2150E333-8FDC-42A3-9474-1A3956D46DE8}") = "API Gateway", "API Gateway", "{7488F181-A0A1-46CA-8269-540293550CAF}"
EndProject
Project("{2150E333-8FDC-42A3-9474-1A3956D46DE8}") = "Domain", "Domain", "{795C3612-9C00-469D-9431-4C8F0DEB5997}"
EndProject
Project("{FAE04EC0-301F-11D3-BF4B-00C04F79EFBC}") = "BUMA.Administration.Services", "Administration\BUMA.Administration.Services\BUMA.Administration.Services.csproj", "{31EF8F09-196D-4DB6-8881-A23900FC0247}"
EndProject
Project("{FAE04EC0-301F-11D3-BF4B-00C04F79EFBC}") = "BUMA.Domain", "Domain\BUMA.Domain\BUMA.Domain.csproj", "{041E7B94-5B3D-4366-B245-8A8BF11156F4}"
EndProject
Project("{FAE04EC0-301F-11D3-BF4B-00C04F79EFBC}") = "BUMA.Bussiness.Services", "Bussiness\BUMA.Bussiness.Services\BUMA.Bussiness.Services.csproj", "{103CFCFA-BEA4-4A66-A139-4804F72F42D5}"
EndProject
Project("{FAE04EC0-301F-11D3-BF4B-00C04F79EFBC}") = "BUMA.Security.Services", "Security\BUMA.Security.Services\BUMA.Security.Services.csproj", "{29950DD0-A156-46F2-A82B-8AA105CA60E0}"
EndProject
Project("{FAE04EC0-301F-11D3-BF4B-00C04F79EFBC}") = "BUMA.Web.API", "API Gateway\BUMA.Web.API\BUMA.Web.API.csproj", "{7B1226D6-B970-40B4-9B84-669F70634B95}"
EndProject
Project("{FAE04EC0-301F-11D3-BF4B-00C04F79EFBC}") = "BUMA.Administration.Persistence", "Administration\BUMA.Administration.Persistence\BUMA.Administration.Persistence.csproj", "{FEA53514-78FF-4C97-8A94-D19C95826DAE}"
EndProject
Project("{FAE04EC0-301F-11D3-BF4B-00C04F79EFBC}") = "BUMA.Bussiness.Persistence", "Bussiness\BUMA.Bussiness.Persistence\BUMA.Bussiness.Persistence.csproj", "{F9213014-70A4-4632-8FED-6FCBA0F476B7}"
EndProject
Project("{FAE04EC0-301F-11D3-BF4B-00C04F79EFBC}") = "BUMA.Security.Persistence", "Security\BUMA.Security.Persistence\BUMA.Security.Persistence.csproj", "{F3B6E92F-24F1-4F3A-A709-C2AADC340BEA}"
EndProject
Project("{2150E333-8FDC-42A3-9474-1A3956D46DE8}") = "Utilities", "Utilities", "{F5D8FBC1-3B93-49FA-9DF6-1FFEFE72244D}"
EndProject
Project("{FAE04EC0-301F-11D3-BF4B-00C04F79EFBC}") = "BUMA.Utilities", "BUMA.Utilities\BUMA.Utilities.csproj", "{D590E8D3-24C6-4921-A6ED-8D3901C6831D}"
EndProject
Global
	GlobalSection(SolutionConfigurationPlatforms) = preSolution
		Debug|Any CPU = Debug|Any CPU
		Release|Any CPU = Release|Any CPU
	EndGlobalSection
	GlobalSection(ProjectConfigurationPlatforms) = postSolution
		{31EF8F09-196D-4DB6-8881-A23900FC0247}.Debug|Any CPU.ActiveCfg = Debug|Any CPU
		{31EF8F09-196D-4DB6-8881-A23900FC0247}.Debug|Any CPU.Build.0 = Debug|Any CPU
		{31EF8F09-196D-4DB6-8881-A23900FC0247}.Release|Any CPU.ActiveCfg = Release|Any CPU
		{31EF8F09-196D-4DB6-8881-A23900FC0247}.Release|Any CPU.Build.0 = Release|Any CPU
		{041E7B94-5B3D-4366-B245-8A8BF11156F4}.Debug|Any CPU.ActiveCfg = Debug|Any CPU
		{041E7B94-5B3D-4366-B245-8A8BF11156F4}.Debug|Any CPU.Build.0 = Debug|Any CPU
		{041E7B94-5B3D-4366-B245-8A8BF11156F4}.Release|Any CPU.ActiveCfg = Release|Any CPU
		{041E7B94-5B3D-4366-B245-8A8BF11156F4}.Release|Any CPU.Build.0 = Release|Any CPU
		{103CFCFA-BEA4-4A66-A139-4804F72F42D5}.Debug|Any CPU.ActiveCfg = Debug|Any CPU
		{103CFCFA-BEA4-4A66-A139-4804F72F42D5}.Debug|Any CPU.Build.0 = Debug|Any CPU
		{103CFCFA-BEA4-4A66-A139-4804F72F42D5}.Release|Any CPU.ActiveCfg = Release|Any CPU
		{103CFCFA-BEA4-4A66-A139-4804F72F42D5}.Release|Any CPU.Build.0 = Release|Any CPU
		{29950DD0-A156-46F2-A82B-8AA105CA60E0}.Debug|Any CPU.ActiveCfg = Debug|Any CPU
		{29950DD0-A156-46F2-A82B-8AA105CA60E0}.Debug|Any CPU.Build.0 = Debug|Any CPU
		{29950DD0-A156-46F2-A82B-8AA105CA60E0}.Release|Any CPU.ActiveCfg = Release|Any CPU
		{29950DD0-A156-46F2-A82B-8AA105CA60E0}.Release|Any CPU.Build.0 = Release|Any CPU
		{7B1226D6-B970-40B4-9B84-669F70634B95}.Debug|Any CPU.ActiveCfg = Debug|Any CPU
		{7B1226D6-B970-40B4-9B84-669F70634B95}.Debug|Any CPU.Build.0 = Debug|Any CPU
		{7B1226D6-B970-40B4-9B84-669F70634B95}.Release|Any CPU.ActiveCfg = Release|Any CPU
		{7B1226D6-B970-40B4-9B84-669F70634B95}.Release|Any CPU.Build.0 = Release|Any CPU
		{FEA53514-78FF-4C97-8A94-D19C95826DAE}.Debug|Any CPU.ActiveCfg = Debug|Any CPU
		{FEA53514-78FF-4C97-8A94-D19C95826DAE}.Debug|Any CPU.Build.0 = Debug|Any CPU
		{FEA53514-78FF-4C97-8A94-D19C95826DAE}.Release|Any CPU.ActiveCfg = Release|Any CPU
		{FEA53514-78FF-4C97-8A94-D19C95826DAE}.Release|Any CPU.Build.0 = Release|Any CPU
		{F9213014-70A4-4632-8FED-6FCBA0F476B7}.Debug|Any CPU.ActiveCfg = Debug|Any CPU
		{F9213014-70A4-4632-8FED-6FCBA0F476B7}.Debug|Any CPU.Build.0 = Debug|Any CPU
		{F9213014-70A4-4632-8FED-6FCBA0F476B7}.Release|Any CPU.ActiveCfg = Release|Any CPU
		{F9213014-70A4-4632-8FED-6FCBA0F476B7}.Release|Any CPU.Build.0 = Release|Any CPU
		{F3B6E92F-24F1-4F3A-A709-C2AADC340BEA}.Debug|Any CPU.ActiveCfg = Debug|Any CPU
		{F3B6E92F-24F1-4F3A-A709-C2AADC340BEA}.Debug|Any CPU.Build.0 = Debug|Any CPU
		{F3B6E92F-24F1-4F3A-A709-C2AADC340BEA}.Release|Any CPU.ActiveCfg = Release|Any CPU
		{F3B6E92F-24F1-4F3A-A709-C2AADC340BEA}.Release|Any CPU.Build.0 = Release|Any CPU
		{D590E8D3-24C6-4921-A6ED-8D3901C6831D}.Debug|Any CPU.ActiveCfg = Debug|Any CPU
		{D590E8D3-24C6-4921-A6ED-8D3901C6831D}.Debug|Any CPU.Build.0 = Debug|Any CPU
		{D590E8D3-24C6-4921-A6ED-8D3901C6831D}.Release|Any CPU.ActiveCfg = Release|Any CPU
		{D590E8D3-24C6-4921-A6ED-8D3901C6831D}.Release|Any CPU.Build.0 = Release|Any CPU
	EndGlobalSection
	GlobalSection(SolutionProperties) = preSolution
		HideSolutionNode = FALSE
	EndGlobalSection
	GlobalSection(NestedProjects) = preSolution
		{31EF8F09-196D-4DB6-8881-A23900FC0247} = {6F9C6B44-4765-43EE-8854-56A12ECCEC79}
		{041E7B94-5B3D-4366-B245-8A8BF11156F4} = {795C3612-9C00-469D-9431-4C8F0DEB5997}
		{103CFCFA-BEA4-4A66-A139-4804F72F42D5} = {A0F32AB3-9080-49C3-A168-3E4842E8C954}
		{29950DD0-A156-46F2-A82B-8AA105CA60E0} = {0E7F8266-27DE-4EBC-BB46-82BF3C77EBE4}
		{7B1226D6-B970-40B4-9B84-669F70634B95} = {7488F181-A0A1-46CA-8269-540293550CAF}
		{FEA53514-78FF-4C97-8A94-D19C95826DAE} = {6F9C6B44-4765-43EE-8854-56A12ECCEC79}
		{F9213014-70A4-4632-8FED-6FCBA0F476B7} = {A0F32AB3-9080-49C3-A168-3E4842E8C954}
		{F3B6E92F-24F1-4F3A-A709-C2AADC340BEA} = {0E7F8266-27DE-4EBC-BB46-82BF3C77EBE4}
		{D590E8D3-24C6-4921-A6ED-8D3901C6831D} = {F5D8FBC1-3B93-49FA-9DF6-1FFEFE72244D}
	EndGlobalSection
	GlobalSection(ExtensibilityGlobals) = postSolution
		SolutionGuid = {85734D0B-96DD-4FB9-9C4D-80108E22CAFD}
	EndGlobalSection
EndGlobal
